
Microsoft Visual Studio Solution File, Format Version 12.00
# Visual Studio Version 16
VisualStudioVersion = 16.0.30413.136
MinimumVisualStudioVersion = 10.0.40219.1
Project("{FAE04EC0-301F-11D3-BF4B-00C04F79EFBC}") = "ngaytrongthang", "ngaytrongthang\ngaytrongthang.csproj", "{A2B6AA96-E5D6-4D41-8A78-1A3BC1B937FF}"
EndProject
Global
	GlobalSection(SolutionConfigurationPlatforms) = preSolution
		Debug|Any CPU = Debug|Any CPU
		Release|Any CPU = Release|Any CPU
	EndGlobalSection
	GlobalSection(ProjectConfigurationPlatforms) = postSolution
		{A2B6AA96-E5D6-4D41-8A78-1A3BC1B937FF}.Debug|Any CPU.ActiveCfg = Debug|Any CPU
		{A2B6AA96-E5D6-4D41-8A78-1A3BC1B937FF}.Debug|Any CPU.Build.0 = Debug|Any CPU
		{A2B6AA96-E5D6-4D41-8A78-1A3BC1B937FF}.Release|Any CPU.ActiveCfg = Release|Any CPU
		{A2B6AA96-E5D6-4D41-8A78-1A3BC1B937FF}.Release|Any CPU.Build.0 = Release|Any CPU
	EndGlobalSection
	GlobalSection(SolutionProperties) = preSolution
		HideSolutionNode = FALSE
	EndGlobalSection
	GlobalSection(ExtensibilityGlobals) = postSolution
		SolutionGuid = {87FAFEC3-BE80-44B9-A719-E835E9EFAF64}
	EndGlobalSection
EndGlobal
